
Microsoft Visual Studio Solution File, Format Version 12.00
# Visual Studio 15
VisualStudioVersion = 15.0.27703.2000
MinimumVisualStudioVersion = 10.0.40219.1
Project("{FAE04EC0-301F-11D3-BF4B-00C04F79EFBC}") = "DBTesterLib", "DBTesterLib\DBTesterLib.csproj", "{B0FC527F-E16A-44F5-81D7-BB2E91DB1380}"
EndProject
Project("{FAE04EC0-301F-11D3-BF4B-00C04F79EFBC}") = "DBTesterUI", "DBTesterUI\DBTesterUI.csproj", "{1CCED9C6-F40F-4468-831E-B55A1728AF0A}"
EndProject
Global
	GlobalSection(SolutionConfigurationPlatforms) = preSolution
		Debug|Any CPU = Debug|Any CPU
		Release|Any CPU = Release|Any CPU
	EndGlobalSection
	GlobalSection(ProjectConfigurationPlatforms) = postSolution
		{B0FC527F-E16A-44F5-81D7-BB2E91DB1380}.Debug|Any CPU.ActiveCfg = Debug|Any CPU
		{B0FC527F-E16A-44F5-81D7-BB2E91DB1380}.Debug|Any CPU.Build.0 = Debug|Any CPU
		{B0FC527F-E16A-44F5-81D7-BB2E91DB1380}.Release|Any CPU.ActiveCfg = Release|Any CPU
		{B0FC527F-E16A-44F5-81D7-BB2E91DB1380}.Release|Any CPU.Build.0 = Release|Any CPU
		{1CCED9C6-F40F-4468-831E-B55A1728AF0A}.Debug|Any CPU.ActiveCfg = Debug|Any CPU
		{1CCED9C6-F40F-4468-831E-B55A1728AF0A}.Debug|Any CPU.Build.0 = Debug|Any CPU
		{1CCED9C6-F40F-4468-831E-B55A1728AF0A}.Release|Any CPU.ActiveCfg = Release|Any CPU
		{1CCED9C6-F40F-4468-831E-B55A1728AF0A}.Release|Any CPU.Build.0 = Release|Any CPU
	EndGlobalSection
	GlobalSection(SolutionProperties) = preSolution
		HideSolutionNode = FALSE
	EndGlobalSection
	GlobalSection(ExtensibilityGlobals) = postSolution
		SolutionGuid = {D4D569E4-9D0C-4966-B393-380A0F648749}
	EndGlobalSection
EndGlobal
